
Microsoft Visual Studio Solution File, Format Version 12.00
# Visual Studio Version 17
VisualStudioVersion = 17.6.33829.357
MinimumVisualStudioVersion = 10.0.40219.1
Project("{FAE04EC0-301F-11D3-BF4B-00C04F79EFBC}") = "Order.API", "Order.API\Order.API.csproj", "{1156110F-7963-45BD-A744-CCFF7C806177}"
EndProject
Project("{FAE04EC0-301F-11D3-BF4B-00C04F79EFBC}") = "Notification.API", "Notification.API\Notification.API.csproj", "{ED018B2B-4CB8-4845-9C41-BA5C810977F2}"
EndProject
Project("{FAE04EC0-301F-11D3-BF4B-00C04F79EFBC}") = "Shared", "Shared\Shared.csproj", "{C7AC886E-3559-42E2-B70C-25C40DBF1211}"
EndProject
Global
	GlobalSection(SolutionConfigurationPlatforms) = preSolution
		Debug|Any CPU = Debug|Any CPU
		Release|Any CPU = Release|Any CPU
	EndGlobalSection
	GlobalSection(ProjectConfigurationPlatforms) = postSolution
		{1156110F-7963-45BD-A744-CCFF7C806177}.Debug|Any CPU.ActiveCfg = Debug|Any CPU
		{1156110F-7963-45BD-A744-CCFF7C806177}.Debug|Any CPU.Build.0 = Debug|Any CPU
		{1156110F-7963-45BD-A744-CCFF7C806177}.Release|Any CPU.ActiveCfg = Release|Any CPU
		{1156110F-7963-45BD-A744-CCFF7C806177}.Release|Any CPU.Build.0 = Release|Any CPU
		{ED018B2B-4CB8-4845-9C41-BA5C810977F2}.Debug|Any CPU.ActiveCfg = Debug|Any CPU
		{ED018B2B-4CB8-4845-9C41-BA5C810977F2}.Debug|Any CPU.Build.0 = Debug|Any CPU
		{ED018B2B-4CB8-4845-9C41-BA5C810977F2}.Release|Any CPU.ActiveCfg = Release|Any CPU
		{ED018B2B-4CB8-4845-9C41-BA5C810977F2}.Release|Any CPU.Build.0 = Release|Any CPU
		{C7AC886E-3559-42E2-B70C-25C40DBF1211}.Debug|Any CPU.ActiveCfg = Debug|Any CPU
		{C7AC886E-3559-42E2-B70C-25C40DBF1211}.Debug|Any CPU.Build.0 = Debug|Any CPU
		{C7AC886E-3559-42E2-B70C-25C40DBF1211}.Release|Any CPU.ActiveCfg = Release|Any CPU
		{C7AC886E-3559-42E2-B70C-25C40DBF1211}.Release|Any CPU.Build.0 = Release|Any CPU
	EndGlobalSection
	GlobalSection(SolutionProperties) = preSolution
		HideSolutionNode = FALSE
	EndGlobalSection
	GlobalSection(ExtensibilityGlobals) = postSolution
		SolutionGuid = {E049209A-6246-4F8D-80DB-96E00AC95359}
	EndGlobalSection
EndGlobal
